
Microsoft Visual Studio Solution File, Format Version 12.00
# Visual Studio Version 17
VisualStudioVersion = 17.11.35125.118
MinimumVisualStudioVersion = 10.0.40219.1
Project("{9A19103F-16F7-4668-BE54-9A1E7A4F7556}") = "1_2_SimpleCSharpApp", "SimpleCSharpApp\1_2_SimpleCSharpApp.csproj", "{4B3CEEBD-981C-4E46-A06A-89F2F3128EB0}"
EndProject
Project("{9A19103F-16F7-4668-BE54-9A1E7A4F7556}") = "1_1_BasicConsoleIO", "BasicConsoleIO\1_1_BasicConsoleIO.csproj", "{B5A9DD1B-05D5-4769-BC07-8170A7FF0020}"
EndProject
Project("{2150E333-8FDC-42A3-9474-1A3956D46DE8}") = "1_Core C# Programming", "1_Core C# Programming", "{334A2EE7-1A89-4D1C-9823-78C2DD63FA29}"
EndProject
Project("{9A19103F-16F7-4668-BE54-9A1E7A4F7556}") = "1_3_Array_Tuple", "Array_Tuple\1_3_Array_Tuple.csproj", "{C6512017-B890-45E6-AB91-95B6CA1BAE1D}"
EndProject
Project("{2150E333-8FDC-42A3-9474-1A3956D46DE8}") = "_Notes", "_Notes", "{6C8B12A3-5F85-4E01-8B1A-63D36CD14D02}"
EndProject
Project("{2150E333-8FDC-42A3-9474-1A3956D46DE8}") = "1_Core", "1_Core", "{8839D8D7-759E-4014-87A3-2BC6064455B9}"
	ProjectSection(SolutionItems) = preProject
		Array_Tuples.md = Array_Tuples.md
		Records.md = Records.md
		Value_Ref_types.md = Value_Ref_types.md
	EndProjectSection
EndProject
Project("{2150E333-8FDC-42A3-9474-1A3956D46DE8}") = "2_OOP", "2_OOP", "{689471DC-2DB6-44F5-83CC-81557A172B27}"
	ProjectSection(SolutionItems) = preProject
		AutoProps.md = AutoProps.md
		Encapsulation.md = Encapsulation.md
		Exception-Handling.md = Exception-Handling.md
		Inheritance.md = Inheritance.md
		Interfaces.md = Interfaces.md
		OOP.md = OOP.md
	EndProjectSection
EndProject
Project("{9A19103F-16F7-4668-BE54-9A1E7A4F7556}") = "2_1_1_SimpleClassExample", "SimpleClassExample\2_1_1_SimpleClassExample.csproj", "{4FAEBA04-E4F3-42BD-8F60-F5E4DFEA5830}"
EndProject
Project("{2150E333-8FDC-42A3-9474-1A3956D46DE8}") = "2_OOP", "2_OOP", "{4ECB451E-E8B7-428E-BCD8-C8D244AA214C}"
EndProject
Project("{2150E333-8FDC-42A3-9474-1A3956D46DE8}") = "1_Encapsulation", "1_Encapsulation", "{C2749062-A68A-400E-AC71-62A87112E22F}"
EndProject
Project("{9A19103F-16F7-4668-BE54-9A1E7A4F7556}") = "2_1_2_StaticDataAndMembers", "StaticDataAndMembers\2_1_2_StaticDataAndMembers.csproj", "{6280C6A9-04B7-4DFD-A87A-459CC5AF9067}"
EndProject
Project("{9A19103F-16F7-4668-BE54-9A1E7A4F7556}") = "2_1_3_EmployeeApp", "EmployeeApp\2_1_3_EmployeeApp.csproj", "{5293465F-E296-4BB5-8298-2925A67DBBDB}"
EndProject
Project("{9A19103F-16F7-4668-BE54-9A1E7A4F7556}") = "2_1_4_AutoProps", "4_AutoProps\2_1_4_AutoProps.csproj", "{D78B8D19-9338-48AE-9242-00F69148B8F2}"
EndProject
Project("{9A19103F-16F7-4668-BE54-9A1E7A4F7556}") = "2_1_5_ConstData", "4_ConstData\2_1_5_ConstData.csproj", "{2710FDB2-541F-4D0D-831B-BB3E1AB12ED8}"
EndProject
Project("{2150E333-8FDC-42A3-9474-1A3956D46DE8}") = "2_Inheritance", "2_Inheritance", "{815FA00F-2A5D-4C5C-9B31-CC3BA077FE73}"
EndProject
Project("{9A19103F-16F7-4668-BE54-9A1E7A4F7556}") = "1_BasicInheritance", "BasicInheritance\1_BasicInheritance.csproj", "{511D0A5C-2C86-400D-A699-43D2F188B021}"
EndProject
Project("{9A19103F-16F7-4668-BE54-9A1E7A4F7556}") = "2_Employee", "2_Employee\2_Employee.csproj", "{D30057A3-D08C-4D30-A145-9F32B9D6C02B}"
EndProject
Project("{9A19103F-16F7-4668-BE54-9A1E7A4F7556}") = "3_RecordInheritance", "3_RecordInheritance\3_RecordInheritance.csproj", "{818838EA-72D1-4248-8EF9-2633A8D0DA8B}"
EndProject
Project("{2150E333-8FDC-42A3-9474-1A3956D46DE8}") = "3_Exception Handling", "3_Exception Handling", "{841E44CC-AB41-4724-951C-9AF752334E53}"
EndProject
Project("{9A19103F-16F7-4668-BE54-9A1E7A4F7556}") = "1_SimpleException", "SimpleException\1_SimpleException.csproj", "{2E7110E5-3882-4C2C-BADE-D3538F976158}"
EndProject
Project("{2150E333-8FDC-42A3-9474-1A3956D46DE8}") = "4_Interfaces", "4_Interfaces", "{4175976B-AC00-44B1-B680-A36908D9CAB3}"
EndProject
Project("{9A19103F-16F7-4668-BE54-9A1E7A4F7556}") = "2_4_1_CustomInterfaces", "1_CustomInterfaces\2_4_1_CustomInterfaces.csproj", "{709D2A9F-97B6-4BCB-B6FB-BBC3C3942258}"
EndProject
Project("{9A19103F-16F7-4668-BE54-9A1E7A4F7556}") = "2_4_2_InterfaceNameClash", "2_4_2_InterfaceNameClash\2_4_2_InterfaceNameClash.csproj", "{F02BF3E8-7BAE-4EC2-910D-D2CB08D3017F}"
EndProject
Project("{9A19103F-16F7-4668-BE54-9A1E7A4F7556}") = "2_4_3_InterfaceHierarchy", "2_4_3_InterfaceHierarchy\2_4_3_InterfaceHierarchy.csproj", "{98080CF4-6AE8-434A-8A5C-AF0250FD9C2D}"
EndProject
Project("{9A19103F-16F7-4668-BE54-9A1E7A4F7556}") = "2_4_4_MiInterfaceHierarchy", "2_4_4_MiInterfaceHierarchy\2_4_4_MiInterfaceHierarchy.csproj", "{20C95CDF-35A6-46D7-9BB3-BAA100DCF81E}"
EndProject
Project("{9A19103F-16F7-4668-BE54-9A1E7A4F7556}") = "2_4_5_CustomEnumerator", "2_4_5_CustomEnumerator\2_4_5_CustomEnumerator.csproj", "{8C837451-80EF-4981-B03F-45203D7ED846}"
EndProject
Project("{9A19103F-16F7-4668-BE54-9A1E7A4F7556}") = "2_4_6_CustomEnumeratorWithYield", "2_4_6_CustomEnumeratorWithYield\2_4_6_CustomEnumeratorWithYield.csproj", "{431E2A46-40EE-4942-B5E7-5ECDB9B61EA7}"
EndProject
Project("{9A19103F-16F7-4668-BE54-9A1E7A4F7556}") = "2_4_7_CloneablePoint", "2_4_7_CloneablePoint\2_4_7_CloneablePoint.csproj", "{010C89D6-ABA8-4D3F-9A76-16FBFA3D513A}"
EndProject
Project("{2150E333-8FDC-42A3-9474-1A3956D46DE8}") = "5_Object-Lifetime-GC", "5_Object-Lifetime-GC", "{4EA03EBE-0C71-4144-B872-74A9782FDC70}"
EndProject
Project("{FAE04EC0-301F-11D3-BF4B-00C04F79EFBC}") = "2_5_1_SimpleGC", "2_5_1_SimpleGC\2_5_1_SimpleGC.csproj", "{EC78CE42-7DE9-4CF5-9883-A1A2CB307553}"
EndProject
Project("{2150E333-8FDC-42A3-9474-1A3956D46DE8}") = "3_Advanced C# Programming", "3_Advanced C# Programming", "{02EA681E-C7D8-13C7-8484-4AC65E1B71E8}"
EndProject
Project("{2150E333-8FDC-42A3-9474-1A3956D46DE8}") = "1_Collections and Generics", "1_Collections and Generics", "{F6B45B7C-F0F5-4A43-92A6-301495727379}"
EndProject
Project("{FAE04EC0-301F-11D3-BF4B-00C04F79EFBC}") = "3_1_1_IssuesWithNonGenericCollections", "3_1_1_IssuesWithNonGenericCollections\3_1_1_IssuesWithNonGenericCollections.csproj", "{5C789BF8-C07F-45B6-BDC8-F8FB5A43931D}"
EndProject
Project("{FAE04EC0-301F-11D3-BF4B-00C04F79EFBC}") = "3_1_2_FunWithCollection", "3_1_2_FunWithCollectionInitialization\3_1_2_FunWithCollection.csproj", "{64E7BC35-9EC8-4006-8AF4-09B6B7917E79}"
EndProject
Project("{FAE04EC0-301F-11D3-BF4B-00C04F79EFBC}") = "3_1_3_FunWithObservableCollections", "3_1_2_FunWithObservableCollections\3_1_3_FunWithObservableCollections.csproj", "{D0A11AC9-9E2B-48F4-9450-0812E70AEDB0}"
EndProject
Project("{FAE04EC0-301F-11D3-BF4B-00C04F79EFBC}") = "3_1_4_CustomGenericMethods", "3_1_4_CustomGenericMethods\3_1_4_CustomGenericMethods.csproj", "{66DAF118-904E-4786-A08B-8BE6E1B3151B}"
EndProject
Project("{2150E333-8FDC-42A3-9474-1A3956D46DE8}") = "3_Advanced C# Programming", "3_Advanced C# Programming", "{9E8A188A-FA22-4078-99C7-E2CFA1A10712}"
	ProjectSection(SolutionItems) = preProject
		1_CollectionsAndGenerics.md = 1_CollectionsAndGenerics.md
		2_Operator_Overloading.md = 2_Operator_Overloading.md
		3_Extension_Methods.md = 3_Extension_Methods.md
	EndProjectSection
EndProject
Project("{2150E333-8FDC-42A3-9474-1A3956D46DE8}") = "2_Advanced C# Language Features", "2_Advanced C# Language Features", "{F2CE0E47-B8E7-4161-BC42-57D8660C579F}"
EndProject
Project("{FAE04EC0-301F-11D3-BF4B-00C04F79EFBC}") = "3_2_1_ExtensionMethods", "3_2_1_ExtensionMethods\3_2_1_ExtensionMethods.csproj", "{58392A98-C408-48B7-839F-C10007F7F188}"
EndProject
Project("{FAE04EC0-301F-11D3-BF4B-00C04F79EFBC}") = "3_2_2_InterfaceExtension", "3_2_2_InterfaceExtension\3_2_2_InterfaceExtension.csproj", "{20DF0585-1507-4542-B34E-93F08D75D448}"
EndProject
Project("{FAE04EC0-301F-11D3-BF4B-00C04F79EFBC}") = "3_2_3_ForEachWithExtensionMethods", "3_2_3_ForEachWithExtensionMethods\3_2_3_ForEachWithExtensionMethods.csproj", "{F412E1C9-931A-4D89-A3CA-E9541540C67A}"
EndProject
Project("{FAE04EC0-301F-11D3-BF4B-00C04F79EFBC}") = "3_2_4_AnonymousTypes", "3_2_4_AnonymousTypes\3_2_4_AnonymousTypes.csproj", "{954D18C2-E4F1-4F26-AB08-7C647971CF0F}"
EndProject
Project("{FAE04EC0-301F-11D3-BF4B-00C04F79EFBC}") = "3_2_5_UnsafeCode", "3_2_3_UnsafeCode\3_2_5_UnsafeCode.csproj", "{F4D1ED38-F56E-4EF7-9B54-64B4653280C1}"
EndProject
Project("{FAE04EC0-301F-11D3-BF4B-00C04F79EFBC}") = "3_3_1_CarDelegate", "3_2_6_CarDelegate\3_3_1_CarDelegate.csproj", "{EF4AF82E-8BB6-4A83-8067-39AD38D23CC4}"
EndProject
Project("{FAE04EC0-301F-11D3-BF4B-00C04F79EFBC}") = "3_3_2_GenericDelegates", "3_2_7_GenericDelegates\3_3_2_GenericDelegates.csproj", "{A4342512-5DEC-4362-93C9-8D019308E6CB}"
EndProject
Project("{2150E333-8FDC-42A3-9474-1A3956D46DE8}") = "3_Delegate Events and Lambda", "3_Delegate Events and Lambda", "{7660E993-7AAB-48A7-BB95-BA1577D64F64}"
EndProject
Project("{FAE04EC0-301F-11D3-BF4B-00C04F79EFBC}") = "3_3_3_ActionAndFunctionDelegates", "3_3_3_ActionAndFunctionDelegates\3_3_3_ActionAndFunctionDelegates.csproj", "{D778083A-AB99-4146-B06E-44D2E9229094}"
EndProject
Global
	GlobalSection(SolutionConfigurationPlatforms) = preSolution
		Debug|Any CPU = Debug|Any CPU
		Release|Any CPU = Release|Any CPU
	EndGlobalSection
	GlobalSection(ProjectConfigurationPlatforms) = postSolution
		{4B3CEEBD-981C-4E46-A06A-89F2F3128EB0}.Debug|Any CPU.ActiveCfg = Debug|Any CPU
		{4B3CEEBD-981C-4E46-A06A-89F2F3128EB0}.Debug|Any CPU.Build.0 = Debug|Any CPU
		{4B3CEEBD-981C-4E46-A06A-89F2F3128EB0}.Release|Any CPU.ActiveCfg = Release|Any CPU
		{4B3CEEBD-981C-4E46-A06A-89F2F3128EB0}.Release|Any CPU.Build.0 = Release|Any CPU
		{B5A9DD1B-05D5-4769-BC07-8170A7FF0020}.Debug|Any CPU.ActiveCfg = Debug|Any CPU
		{B5A9DD1B-05D5-4769-BC07-8170A7FF0020}.Debug|Any CPU.Build.0 = Debug|Any CPU
		{B5A9DD1B-05D5-4769-BC07-8170A7FF0020}.Release|Any CPU.ActiveCfg = Release|Any CPU
		{B5A9DD1B-05D5-4769-BC07-8170A7FF0020}.Release|Any CPU.Build.0 = Release|Any CPU
		{C6512017-B890-45E6-AB91-95B6CA1BAE1D}.Debug|Any CPU.ActiveCfg = Debug|Any CPU
		{C6512017-B890-45E6-AB91-95B6CA1BAE1D}.Debug|Any CPU.Build.0 = Debug|Any CPU
		{C6512017-B890-45E6-AB91-95B6CA1BAE1D}.Release|Any CPU.ActiveCfg = Release|Any CPU
		{C6512017-B890-45E6-AB91-95B6CA1BAE1D}.Release|Any CPU.Build.0 = Release|Any CPU
		{4FAEBA04-E4F3-42BD-8F60-F5E4DFEA5830}.Debug|Any CPU.ActiveCfg = Debug|Any CPU
		{4FAEBA04-E4F3-42BD-8F60-F5E4DFEA5830}.Debug|Any CPU.Build.0 = Debug|Any CPU
		{4FAEBA04-E4F3-42BD-8F60-F5E4DFEA5830}.Release|Any CPU.ActiveCfg = Release|Any CPU
		{4FAEBA04-E4F3-42BD-8F60-F5E4DFEA5830}.Release|Any CPU.Build.0 = Release|Any CPU
		{6280C6A9-04B7-4DFD-A87A-459CC5AF9067}.Debug|Any CPU.ActiveCfg = Debug|Any CPU
		{6280C6A9-04B7-4DFD-A87A-459CC5AF9067}.Debug|Any CPU.Build.0 = Debug|Any CPU
		{6280C6A9-04B7-4DFD-A87A-459CC5AF9067}.Release|Any CPU.ActiveCfg = Release|Any CPU
		{6280C6A9-04B7-4DFD-A87A-459CC5AF9067}.Release|Any CPU.Build.0 = Release|Any CPU
		{5293465F-E296-4BB5-8298-2925A67DBBDB}.Debug|Any CPU.ActiveCfg = Debug|Any CPU
		{5293465F-E296-4BB5-8298-2925A67DBBDB}.Debug|Any CPU.Build.0 = Debug|Any CPU
		{5293465F-E296-4BB5-8298-2925A67DBBDB}.Release|Any CPU.ActiveCfg = Release|Any CPU
		{5293465F-E296-4BB5-8298-2925A67DBBDB}.Release|Any CPU.Build.0 = Release|Any CPU
		{D78B8D19-9338-48AE-9242-00F69148B8F2}.Debug|Any CPU.ActiveCfg = Debug|Any CPU
		{D78B8D19-9338-48AE-9242-00F69148B8F2}.Debug|Any CPU.Build.0 = Debug|Any CPU
		{D78B8D19-9338-48AE-9242-00F69148B8F2}.Release|Any CPU.ActiveCfg = Release|Any CPU
		{D78B8D19-9338-48AE-9242-00F69148B8F2}.Release|Any CPU.Build.0 = Release|Any CPU
		{2710FDB2-541F-4D0D-831B-BB3E1AB12ED8}.Debug|Any CPU.ActiveCfg = Debug|Any CPU
		{2710FDB2-541F-4D0D-831B-BB3E1AB12ED8}.Debug|Any CPU.Build.0 = Debug|Any CPU
		{2710FDB2-541F-4D0D-831B-BB3E1AB12ED8}.Release|Any CPU.ActiveCfg = Release|Any CPU
		{2710FDB2-541F-4D0D-831B-BB3E1AB12ED8}.Release|Any CPU.Build.0 = Release|Any CPU
		{511D0A5C-2C86-400D-A699-43D2F188B021}.Debug|Any CPU.ActiveCfg = Debug|Any CPU
		{511D0A5C-2C86-400D-A699-43D2F188B021}.Debug|Any CPU.Build.0 = Debug|Any CPU
		{511D0A5C-2C86-400D-A699-43D2F188B021}.Release|Any CPU.ActiveCfg = Release|Any CPU
		{511D0A5C-2C86-400D-A699-43D2F188B021}.Release|Any CPU.Build.0 = Release|Any CPU
		{D30057A3-D08C-4D30-A145-9F32B9D6C02B}.Debug|Any CPU.ActiveCfg = Debug|Any CPU
		{D30057A3-D08C-4D30-A145-9F32B9D6C02B}.Debug|Any CPU.Build.0 = Debug|Any CPU
		{D30057A3-D08C-4D30-A145-9F32B9D6C02B}.Release|Any CPU.ActiveCfg = Release|Any CPU
		{D30057A3-D08C-4D30-A145-9F32B9D6C02B}.Release|Any CPU.Build.0 = Release|Any CPU
		{818838EA-72D1-4248-8EF9-2633A8D0DA8B}.Debug|Any CPU.ActiveCfg = Debug|Any CPU
		{818838EA-72D1-4248-8EF9-2633A8D0DA8B}.Debug|Any CPU.Build.0 = Debug|Any CPU
		{818838EA-72D1-4248-8EF9-2633A8D0DA8B}.Release|Any CPU.ActiveCfg = Release|Any CPU
		{818838EA-72D1-4248-8EF9-2633A8D0DA8B}.Release|Any CPU.Build.0 = Release|Any CPU
		{2E7110E5-3882-4C2C-BADE-D3538F976158}.Debug|Any CPU.ActiveCfg = Debug|Any CPU
		{2E7110E5-3882-4C2C-BADE-D3538F976158}.Debug|Any CPU.Build.0 = Debug|Any CPU
		{2E7110E5-3882-4C2C-BADE-D3538F976158}.Release|Any CPU.ActiveCfg = Release|Any CPU
		{2E7110E5-3882-4C2C-BADE-D3538F976158}.Release|Any CPU.Build.0 = Release|Any CPU
		{709D2A9F-97B6-4BCB-B6FB-BBC3C3942258}.Debug|Any CPU.ActiveCfg = Debug|Any CPU
		{709D2A9F-97B6-4BCB-B6FB-BBC3C3942258}.Debug|Any CPU.Build.0 = Debug|Any CPU
		{709D2A9F-97B6-4BCB-B6FB-BBC3C3942258}.Release|Any CPU.ActiveCfg = Release|Any CPU
		{709D2A9F-97B6-4BCB-B6FB-BBC3C3942258}.Release|Any CPU.Build.0 = Release|Any CPU
		{F02BF3E8-7BAE-4EC2-910D-D2CB08D3017F}.Debug|Any CPU.ActiveCfg = Debug|Any CPU
		{F02BF3E8-7BAE-4EC2-910D-D2CB08D3017F}.Debug|Any CPU.Build.0 = Debug|Any CPU
		{F02BF3E8-7BAE-4EC2-910D-D2CB08D3017F}.Release|Any CPU.ActiveCfg = Release|Any CPU
		{F02BF3E8-7BAE-4EC2-910D-D2CB08D3017F}.Release|Any CPU.Build.0 = Release|Any CPU
		{98080CF4-6AE8-434A-8A5C-AF0250FD9C2D}.Debug|Any CPU.ActiveCfg = Debug|Any CPU
		{98080CF4-6AE8-434A-8A5C-AF0250FD9C2D}.Debug|Any CPU.Build.0 = Debug|Any CPU
		{98080CF4-6AE8-434A-8A5C-AF0250FD9C2D}.Release|Any CPU.ActiveCfg = Release|Any CPU
		{98080CF4-6AE8-434A-8A5C-AF0250FD9C2D}.Release|Any CPU.Build.0 = Release|Any CPU
		{20C95CDF-35A6-46D7-9BB3-BAA100DCF81E}.Debug|Any CPU.ActiveCfg = Debug|Any CPU
		{20C95CDF-35A6-46D7-9BB3-BAA100DCF81E}.Debug|Any CPU.Build.0 = Debug|Any CPU
		{20C95CDF-35A6-46D7-9BB3-BAA100DCF81E}.Release|Any CPU.ActiveCfg = Release|Any CPU
		{20C95CDF-35A6-46D7-9BB3-BAA100DCF81E}.Release|Any CPU.Build.0 = Release|Any CPU
		{8C837451-80EF-4981-B03F-45203D7ED846}.Debug|Any CPU.ActiveCfg = Debug|Any CPU
		{8C837451-80EF-4981-B03F-45203D7ED846}.Debug|Any CPU.Build.0 = Debug|Any CPU
		{8C837451-80EF-4981-B03F-45203D7ED846}.Release|Any CPU.ActiveCfg = Release|Any CPU
		{8C837451-80EF-4981-B03F-45203D7ED846}.Release|Any CPU.Build.0 = Release|Any CPU
		{431E2A46-40EE-4942-B5E7-5ECDB9B61EA7}.Debug|Any CPU.ActiveCfg = Debug|Any CPU
		{431E2A46-40EE-4942-B5E7-5ECDB9B61EA7}.Debug|Any CPU.Build.0 = Debug|Any CPU
		{431E2A46-40EE-4942-B5E7-5ECDB9B61EA7}.Release|Any CPU.ActiveCfg = Release|Any CPU
		{431E2A46-40EE-4942-B5E7-5ECDB9B61EA7}.Release|Any CPU.Build.0 = Release|Any CPU
		{010C89D6-ABA8-4D3F-9A76-16FBFA3D513A}.Debug|Any CPU.ActiveCfg = Debug|Any CPU
		{010C89D6-ABA8-4D3F-9A76-16FBFA3D513A}.Debug|Any CPU.Build.0 = Debug|Any CPU
		{010C89D6-ABA8-4D3F-9A76-16FBFA3D513A}.Release|Any CPU.ActiveCfg = Release|Any CPU
		{010C89D6-ABA8-4D3F-9A76-16FBFA3D513A}.Release|Any CPU.Build.0 = Release|Any CPU
		{EC78CE42-7DE9-4CF5-9883-A1A2CB307553}.Debug|Any CPU.ActiveCfg = Debug|Any CPU
		{EC78CE42-7DE9-4CF5-9883-A1A2CB307553}.Debug|Any CPU.Build.0 = Debug|Any CPU
		{EC78CE42-7DE9-4CF5-9883-A1A2CB307553}.Release|Any CPU.ActiveCfg = Release|Any CPU
		{EC78CE42-7DE9-4CF5-9883-A1A2CB307553}.Release|Any CPU.Build.0 = Release|Any CPU
		{5C789BF8-C07F-45B6-BDC8-F8FB5A43931D}.Debug|Any CPU.ActiveCfg = Debug|Any CPU
		{5C789BF8-C07F-45B6-BDC8-F8FB5A43931D}.Debug|Any CPU.Build.0 = Debug|Any CPU
		{5C789BF8-C07F-45B6-BDC8-F8FB5A43931D}.Release|Any CPU.ActiveCfg = Release|Any CPU
		{5C789BF8-C07F-45B6-BDC8-F8FB5A43931D}.Release|Any CPU.Build.0 = Release|Any CPU
		{64E7BC35-9EC8-4006-8AF4-09B6B7917E79}.Debug|Any CPU.ActiveCfg = Debug|Any CPU
		{64E7BC35-9EC8-4006-8AF4-09B6B7917E79}.Debug|Any CPU.Build.0 = Debug|Any CPU
		{64E7BC35-9EC8-4006-8AF4-09B6B7917E79}.Release|Any CPU.ActiveCfg = Release|Any CPU
		{64E7BC35-9EC8-4006-8AF4-09B6B7917E79}.Release|Any CPU.Build.0 = Release|Any CPU
		{D0A11AC9-9E2B-48F4-9450-0812E70AEDB0}.Debug|Any CPU.ActiveCfg = Debug|Any CPU
		{D0A11AC9-9E2B-48F4-9450-0812E70AEDB0}.Debug|Any CPU.Build.0 = Debug|Any CPU
		{D0A11AC9-9E2B-48F4-9450-0812E70AEDB0}.Release|Any CPU.ActiveCfg = Release|Any CPU
		{D0A11AC9-9E2B-48F4-9450-0812E70AEDB0}.Release|Any CPU.Build.0 = Release|Any CPU
		{66DAF118-904E-4786-A08B-8BE6E1B3151B}.Debug|Any CPU.ActiveCfg = Debug|Any CPU
		{66DAF118-904E-4786-A08B-8BE6E1B3151B}.Debug|Any CPU.Build.0 = Debug|Any CPU
		{66DAF118-904E-4786-A08B-8BE6E1B3151B}.Release|Any CPU.ActiveCfg = Release|Any CPU
		{66DAF118-904E-4786-A08B-8BE6E1B3151B}.Release|Any CPU.Build.0 = Release|Any CPU
		{58392A98-C408-48B7-839F-C10007F7F188}.Debug|Any CPU.ActiveCfg = Debug|Any CPU
		{58392A98-C408-48B7-839F-C10007F7F188}.Debug|Any CPU.Build.0 = Debug|Any CPU
		{58392A98-C408-48B7-839F-C10007F7F188}.Release|Any CPU.ActiveCfg = Release|Any CPU
		{58392A98-C408-48B7-839F-C10007F7F188}.Release|Any CPU.Build.0 = Release|Any CPU
		{20DF0585-1507-4542-B34E-93F08D75D448}.Debug|Any CPU.ActiveCfg = Debug|Any CPU
		{20DF0585-1507-4542-B34E-93F08D75D448}.Debug|Any CPU.Build.0 = Debug|Any CPU
		{20DF0585-1507-4542-B34E-93F08D75D448}.Release|Any CPU.ActiveCfg = Release|Any CPU
		{20DF0585-1507-4542-B34E-93F08D75D448}.Release|Any CPU.Build.0 = Release|Any CPU
		{F412E1C9-931A-4D89-A3CA-E9541540C67A}.Debug|Any CPU.ActiveCfg = Debug|Any CPU
		{F412E1C9-931A-4D89-A3CA-E9541540C67A}.Debug|Any CPU.Build.0 = Debug|Any CPU
		{F412E1C9-931A-4D89-A3CA-E9541540C67A}.Release|Any CPU.ActiveCfg = Release|Any CPU
		{F412E1C9-931A-4D89-A3CA-E9541540C67A}.Release|Any CPU.Build.0 = Release|Any CPU
		{954D18C2-E4F1-4F26-AB08-7C647971CF0F}.Debug|Any CPU.ActiveCfg = Debug|Any CPU
		{954D18C2-E4F1-4F26-AB08-7C647971CF0F}.Debug|Any CPU.Build.0 = Debug|Any CPU
		{954D18C2-E4F1-4F26-AB08-7C647971CF0F}.Release|Any CPU.ActiveCfg = Release|Any CPU
		{954D18C2-E4F1-4F26-AB08-7C647971CF0F}.Release|Any CPU.Build.0 = Release|Any CPU
		{F4D1ED38-F56E-4EF7-9B54-64B4653280C1}.Debug|Any CPU.ActiveCfg = Debug|Any CPU
		{F4D1ED38-F56E-4EF7-9B54-64B4653280C1}.Debug|Any CPU.Build.0 = Debug|Any CPU
		{F4D1ED38-F56E-4EF7-9B54-64B4653280C1}.Release|Any CPU.ActiveCfg = Release|Any CPU
		{F4D1ED38-F56E-4EF7-9B54-64B4653280C1}.Release|Any CPU.Build.0 = Release|Any CPU
		{EF4AF82E-8BB6-4A83-8067-39AD38D23CC4}.Debug|Any CPU.ActiveCfg = Debug|Any CPU
		{EF4AF82E-8BB6-4A83-8067-39AD38D23CC4}.Debug|Any CPU.Build.0 = Debug|Any CPU
		{EF4AF82E-8BB6-4A83-8067-39AD38D23CC4}.Release|Any CPU.ActiveCfg = Release|Any CPU
		{EF4AF82E-8BB6-4A83-8067-39AD38D23CC4}.Release|Any CPU.Build.0 = Release|Any CPU
		{A4342512-5DEC-4362-93C9-8D019308E6CB}.Debug|Any CPU.ActiveCfg = Debug|Any CPU
		{A4342512-5DEC-4362-93C9-8D019308E6CB}.Debug|Any CPU.Build.0 = Debug|Any CPU
		{A4342512-5DEC-4362-93C9-8D019308E6CB}.Release|Any CPU.ActiveCfg = Release|Any CPU
		{A4342512-5DEC-4362-93C9-8D019308E6CB}.Release|Any CPU.Build.0 = Release|Any CPU
		{D778083A-AB99-4146-B06E-44D2E9229094}.Debug|Any CPU.ActiveCfg = Debug|Any CPU
		{D778083A-AB99-4146-B06E-44D2E9229094}.Debug|Any CPU.Build.0 = Debug|Any CPU
		{D778083A-AB99-4146-B06E-44D2E9229094}.Release|Any CPU.ActiveCfg = Release|Any CPU
		{D778083A-AB99-4146-B06E-44D2E9229094}.Release|Any CPU.Build.0 = Release|Any CPU
	EndGlobalSection
	GlobalSection(SolutionProperties) = preSolution
		HideSolutionNode = FALSE
	EndGlobalSection
	GlobalSection(NestedProjects) = preSolution
		{4B3CEEBD-981C-4E46-A06A-89F2F3128EB0} = {334A2EE7-1A89-4D1C-9823-78C2DD63FA29}
		{B5A9DD1B-05D5-4769-BC07-8170A7FF0020} = {334A2EE7-1A89-4D1C-9823-78C2DD63FA29}
		{C6512017-B890-45E6-AB91-95B6CA1BAE1D} = {334A2EE7-1A89-4D1C-9823-78C2DD63FA29}
		{8839D8D7-759E-4014-87A3-2BC6064455B9} = {6C8B12A3-5F85-4E01-8B1A-63D36CD14D02}
		{689471DC-2DB6-44F5-83CC-81557A172B27} = {6C8B12A3-5F85-4E01-8B1A-63D36CD14D02}
		{4FAEBA04-E4F3-42BD-8F60-F5E4DFEA5830} = {C2749062-A68A-400E-AC71-62A87112E22F}
		{C2749062-A68A-400E-AC71-62A87112E22F} = {4ECB451E-E8B7-428E-BCD8-C8D244AA214C}
		{6280C6A9-04B7-4DFD-A87A-459CC5AF9067} = {C2749062-A68A-400E-AC71-62A87112E22F}
		{5293465F-E296-4BB5-8298-2925A67DBBDB} = {C2749062-A68A-400E-AC71-62A87112E22F}
		{D78B8D19-9338-48AE-9242-00F69148B8F2} = {C2749062-A68A-400E-AC71-62A87112E22F}
		{2710FDB2-541F-4D0D-831B-BB3E1AB12ED8} = {C2749062-A68A-400E-AC71-62A87112E22F}
		{815FA00F-2A5D-4C5C-9B31-CC3BA077FE73} = {4ECB451E-E8B7-428E-BCD8-C8D244AA214C}
		{511D0A5C-2C86-400D-A699-43D2F188B021} = {815FA00F-2A5D-4C5C-9B31-CC3BA077FE73}
		{D30057A3-D08C-4D30-A145-9F32B9D6C02B} = {815FA00F-2A5D-4C5C-9B31-CC3BA077FE73}
		{818838EA-72D1-4248-8EF9-2633A8D0DA8B} = {815FA00F-2A5D-4C5C-9B31-CC3BA077FE73}
		{841E44CC-AB41-4724-951C-9AF752334E53} = {4ECB451E-E8B7-428E-BCD8-C8D244AA214C}
		{2E7110E5-3882-4C2C-BADE-D3538F976158} = {841E44CC-AB41-4724-951C-9AF752334E53}
		{4175976B-AC00-44B1-B680-A36908D9CAB3} = {4ECB451E-E8B7-428E-BCD8-C8D244AA214C}
		{709D2A9F-97B6-4BCB-B6FB-BBC3C3942258} = {4175976B-AC00-44B1-B680-A36908D9CAB3}
		{F02BF3E8-7BAE-4EC2-910D-D2CB08D3017F} = {4175976B-AC00-44B1-B680-A36908D9CAB3}
		{98080CF4-6AE8-434A-8A5C-AF0250FD9C2D} = {4175976B-AC00-44B1-B680-A36908D9CAB3}
		{20C95CDF-35A6-46D7-9BB3-BAA100DCF81E} = {4175976B-AC00-44B1-B680-A36908D9CAB3}
		{8C837451-80EF-4981-B03F-45203D7ED846} = {4175976B-AC00-44B1-B680-A36908D9CAB3}
		{431E2A46-40EE-4942-B5E7-5ECDB9B61EA7} = {4175976B-AC00-44B1-B680-A36908D9CAB3}
		{010C89D6-ABA8-4D3F-9A76-16FBFA3D513A} = {4175976B-AC00-44B1-B680-A36908D9CAB3}
		{4EA03EBE-0C71-4144-B872-74A9782FDC70} = {4ECB451E-E8B7-428E-BCD8-C8D244AA214C}
		{EC78CE42-7DE9-4CF5-9883-A1A2CB307553} = {4EA03EBE-0C71-4144-B872-74A9782FDC70}
		{F6B45B7C-F0F5-4A43-92A6-301495727379} = {02EA681E-C7D8-13C7-8484-4AC65E1B71E8}
		{5C789BF8-C07F-45B6-BDC8-F8FB5A43931D} = {F6B45B7C-F0F5-4A43-92A6-301495727379}
		{64E7BC35-9EC8-4006-8AF4-09B6B7917E79} = {F6B45B7C-F0F5-4A43-92A6-301495727379}
		{D0A11AC9-9E2B-48F4-9450-0812E70AEDB0} = {F6B45B7C-F0F5-4A43-92A6-301495727379}
		{66DAF118-904E-4786-A08B-8BE6E1B3151B} = {334A2EE7-1A89-4D1C-9823-78C2DD63FA29}
		{9E8A188A-FA22-4078-99C7-E2CFA1A10712} = {6C8B12A3-5F85-4E01-8B1A-63D36CD14D02}
		{F2CE0E47-B8E7-4161-BC42-57D8660C579F} = {02EA681E-C7D8-13C7-8484-4AC65E1B71E8}
		{58392A98-C408-48B7-839F-C10007F7F188} = {F2CE0E47-B8E7-4161-BC42-57D8660C579F}
		{20DF0585-1507-4542-B34E-93F08D75D448} = {F2CE0E47-B8E7-4161-BC42-57D8660C579F}
		{F412E1C9-931A-4D89-A3CA-E9541540C67A} = {F2CE0E47-B8E7-4161-BC42-57D8660C579F}
		{954D18C2-E4F1-4F26-AB08-7C647971CF0F} = {F2CE0E47-B8E7-4161-BC42-57D8660C579F}
		{F4D1ED38-F56E-4EF7-9B54-64B4653280C1} = {F2CE0E47-B8E7-4161-BC42-57D8660C579F}
		{EF4AF82E-8BB6-4A83-8067-39AD38D23CC4} = {7660E993-7AAB-48A7-BB95-BA1577D64F64}
		{A4342512-5DEC-4362-93C9-8D019308E6CB} = {7660E993-7AAB-48A7-BB95-BA1577D64F64}
		{7660E993-7AAB-48A7-BB95-BA1577D64F64} = {02EA681E-C7D8-13C7-8484-4AC65E1B71E8}
	EndGlobalSection
	GlobalSection(ExtensibilityGlobals) = postSolution
		SolutionGuid = {716778AD-4347-4531-92E7-E423438FE988}
	EndGlobalSection
EndGlobal
